
Microsoft Visual Studio Solution File, Format Version 12.00
# Visual Studio Version 17
VisualStudioVersion = 17.9.34728.123
MinimumVisualStudioVersion = 10.0.40219.1
Project("{9A19103F-16F7-4668-BE54-9A1E7A4F7556}") = "Supermarker-mvp", "Supermarker-mvp.csproj", "{9EB483A3-91BA-4088-8AE3-D73F05C9908E}"
EndProject
Global
	GlobalSection(SolutionConfigurationPlatforms) = preSolution
		Debug|Any CPU = Debug|Any CPU
		Release|Any CPU = Release|Any CPU
	EndGlobalSection
	GlobalSection(ProjectConfigurationPlatforms) = postSolution
		{9EB483A3-91BA-4088-8AE3-D73F05C9908E}.Debug|Any CPU.ActiveCfg = Debug|Any CPU
		{9EB483A3-91BA-4088-8AE3-D73F05C9908E}.Debug|Any CPU.Build.0 = Debug|Any CPU
		{9EB483A3-91BA-4088-8AE3-D73F05C9908E}.Release|Any CPU.ActiveCfg = Release|Any CPU
		{9EB483A3-91BA-4088-8AE3-D73F05C9908E}.Release|Any CPU.Build.0 = Release|Any CPU
	EndGlobalSection
	GlobalSection(SolutionProperties) = preSolution
		HideSolutionNode = FALSE
	EndGlobalSection
	GlobalSection(ExtensibilityGlobals) = postSolution
		SolutionGuid = {FA9B0288-DDE6-4AFF-9372-BBEA06962174}
	EndGlobalSection
EndGlobal
